
Microsoft Visual Studio Solution File, Format Version 12.00
# Visual Studio Version 17
VisualStudioVersion = 17.8.34330.188
MinimumVisualStudioVersion = 10.0.40219.1
Project("{FAE04EC0-301F-11D3-BF4B-00C04F79EFBC}") = "MvcCoreCSRF", "MvcCoreCSRF\MvcCoreCSRF.csproj", "{A30AB32B-17BA-42EC-92C2-2C5C3B7EB15B}"
EndProject
Global
	GlobalSection(SolutionConfigurationPlatforms) = preSolution
		Debug|Any CPU = Debug|Any CPU
		Release|Any CPU = Release|Any CPU
	EndGlobalSection
	GlobalSection(ProjectConfigurationPlatforms) = postSolution
		{A30AB32B-17BA-42EC-92C2-2C5C3B7EB15B}.Debug|Any CPU.ActiveCfg = Debug|Any CPU
		{A30AB32B-17BA-42EC-92C2-2C5C3B7EB15B}.Debug|Any CPU.Build.0 = Debug|Any CPU
		{A30AB32B-17BA-42EC-92C2-2C5C3B7EB15B}.Release|Any CPU.ActiveCfg = Release|Any CPU
		{A30AB32B-17BA-42EC-92C2-2C5C3B7EB15B}.Release|Any CPU.Build.0 = Release|Any CPU
	EndGlobalSection
	GlobalSection(SolutionProperties) = preSolution
		HideSolutionNode = FALSE
	EndGlobalSection
	GlobalSection(ExtensibilityGlobals) = postSolution
		SolutionGuid = {6369140B-EB21-4827-BCCD-FAD00417CB54}
	EndGlobalSection
EndGlobal
